
Microsoft Visual Studio Solution File, Format Version 11.00
# Visual Studio 2010
Project("{FAE04EC0-301F-11D3-BF4B-00C04F79EFBC}") = "GFL Live2D Viewer", "Assembly-CSharp.csproj", "{3FE58175-A948-C8FE-5EA5-682C8D162C3A}"
EndProject
Project("{FAE04EC0-301F-11D3-BF4B-00C04F79EFBC}") = "GFL Live2D Viewer", "Assembly-CSharp-Editor.csproj", "{685F8FEB-F714-0FBB-F433-10F6CC3B74E1}"
EndProject
Global
	GlobalSection(SolutionConfigurationPlatforms) = preSolution
		Debug|Any CPU = Debug|Any CPU
		Release|Any CPU = Release|Any CPU
	EndGlobalSection
	GlobalSection(ProjectConfigurationPlatforms) = postSolution
		{3FE58175-A948-C8FE-5EA5-682C8D162C3A}.Debug|Any CPU.ActiveCfg = Debug|Any CPU
		{3FE58175-A948-C8FE-5EA5-682C8D162C3A}.Debug|Any CPU.Build.0 = Debug|Any CPU
		{3FE58175-A948-C8FE-5EA5-682C8D162C3A}.Release|Any CPU.ActiveCfg = Release|Any CPU
		{3FE58175-A948-C8FE-5EA5-682C8D162C3A}.Release|Any CPU.Build.0 = Release|Any CPU
		{685F8FEB-F714-0FBB-F433-10F6CC3B74E1}.Debug|Any CPU.ActiveCfg = Debug|Any CPU
		{685F8FEB-F714-0FBB-F433-10F6CC3B74E1}.Debug|Any CPU.Build.0 = Debug|Any CPU
		{685F8FEB-F714-0FBB-F433-10F6CC3B74E1}.Release|Any CPU.ActiveCfg = Release|Any CPU
		{685F8FEB-F714-0FBB-F433-10F6CC3B74E1}.Release|Any CPU.Build.0 = Release|Any CPU
	EndGlobalSection
	GlobalSection(SolutionProperties) = preSolution
		HideSolutionNode = FALSE
	EndGlobalSection
	GlobalSection(MonoDevelopProperties) = preSolution
		StartupItem = Assembly-CSharp.csproj
	EndGlobalSection
EndGlobal
